
Microsoft Visual Studio Solution File, Format Version 12.00
# Visual Studio Version 16
VisualStudioVersion = 16.0.33423.256
MinimumVisualStudioVersion = 10.0.40219.1
Project("{8BC9CEB8-8B4A-11D0-8D11-00A0C91BC942}") = "TakoSystem", "TakoSystem.vcxproj", "{14E6C783-07D1-4B38-A993-B82623E98E98}"
EndProject
Global
	GlobalSection(SolutionConfigurationPlatforms) = preSolution
		Debug|x64 = Debug|x64
		Debug|x86 = Debug|x86
		Release|x64 = Release|x64
		Release|x86 = Release|x86
	EndGlobalSection
	GlobalSection(ProjectConfigurationPlatforms) = postSolution
		{14E6C783-07D1-4B38-A993-B82623E98E98}.Debug|x64.ActiveCfg = Debug|x64
		{14E6C783-07D1-4B38-A993-B82623E98E98}.Debug|x64.Build.0 = Debug|x64
		{14E6C783-07D1-4B38-A993-B82623E98E98}.Debug|x86.ActiveCfg = Debug|Win32
		{14E6C783-07D1-4B38-A993-B82623E98E98}.Debug|x86.Build.0 = Debug|Win32
		{14E6C783-07D1-4B38-A993-B82623E98E98}.Release|x64.ActiveCfg = Release|x64
		{14E6C783-07D1-4B38-A993-B82623E98E98}.Release|x64.Build.0 = Release|x64
		{14E6C783-07D1-4B38-A993-B82623E98E98}.Release|x86.ActiveCfg = Release|Win32
		{14E6C783-07D1-4B38-A993-B82623E98E98}.Release|x86.Build.0 = Release|Win32
	EndGlobalSection
	GlobalSection(SolutionProperties) = preSolution
		HideSolutionNode = FALSE
	EndGlobalSection
	GlobalSection(ExtensibilityGlobals) = postSolution
		SolutionGuid = {A90F362A-7698-46A1-8915-BEE9DFDC83A6}
	EndGlobalSection
EndGlobal
